# Generated by conda-lock.
# platform: osx-64
# input_hash: 037234ab7b2e86964a25c97f59ca1a0c794b49b6ff7728a53f5b074ea5f23747
@EXPLICIT
https://conda.anaconda.org/conda-forge/osx-64/bzip2-1.0.8-h0d85af4_4.tar.bz2#37edc4e6304ca87316e160f5ca0bd1b5
https://conda.anaconda.org/conda-forge/osx-64/c-ares-1.18.1-h0d85af4_0.tar.bz2#00b3e98a61e6430808fe7a2534681f28
https://conda.anaconda.org/conda-forge/osx-64/ca-certificates-2022.12.7-h033912b_0.conda#af2bdcd68f16ce030ca957cdeb83d88a
https://conda.anaconda.org/conda-forge/noarch/font-ttf-dejavu-sans-mono-2.37-hab24e00_0.tar.bz2#0c96522c6bdaed4b1566d11387caaf45
https://conda.anaconda.org/conda-forge/noarch/font-ttf-inconsolata-3.000-h77eed37_0.tar.bz2#34893075a5c9e55cdafac56607368fc6
https://conda.anaconda.org/conda-forge/noarch/font-ttf-source-code-pro-2.038-h77eed37_0.tar.bz2#4d59c254e01d9cde7957100457e2d5fb
https://conda.anaconda.org/conda-forge/noarch/font-ttf-ubuntu-0.83-hab24e00_0.tar.bz2#19410c3df09dfb12d1206132a1d357c5
https://conda.anaconda.org/conda-forge/osx-64/fribidi-1.0.10-hbcb3906_0.tar.bz2#f1c6b41e0f56998ecd9a3e210faa1dc0
https://conda.anaconda.org/conda-forge/osx-64/giflib-5.2.1-hb7f2c08_3.conda#aca150b0186836f893ebac79019e5498
https://conda.anaconda.org/conda-forge/osx-64/jbig-2.1-h0d85af4_2003.tar.bz2#4d76d11d3a256931926099498aa3565b
https://conda.anaconda.org/conda-forge/osx-64/jpeg-9e-hb7f2c08_3.conda#6b55131ae9445ef38746dc6b080acda9
https://conda.anaconda.org/conda-forge/osx-64/lame-3.100-hb7f2c08_1003.tar.bz2#3342b33c9a0921b22b767ed68ee25861
https://conda.anaconda.org/conda-forge/osx-64/libcxx-15.0.7-h71dddab_0.conda#ad1c6c1ddfd7717e3d46bf06ff2e9400
https://conda.anaconda.org/conda-forge/osx-64/libdeflate-1.10-h0d85af4_0.tar.bz2#98a4bf0073c56678453dd86845d3bcc9
https://conda.anaconda.org/conda-forge/osx-64/libev-4.33-haf1e3a3_1.tar.bz2#79dc2be110b2a3d1e97ec21f691c50ad
https://conda.anaconda.org/conda-forge/osx-64/libffi-3.4.2-h0d85af4_5.tar.bz2#ccb34fb14960ad8b125962d3d79b31a9
https://conda.anaconda.org/conda-forge/osx-64/libiconv-1.17-hac89ed1_0.tar.bz2#691d103d11180486154af49c037b7ed9
https://conda.anaconda.org/conda-forge/osx-64/libsodium-1.0.18-hbcb3906_1.tar.bz2#24632c09ed931af617fe6d5292919cab
https://conda.anaconda.org/conda-forge/osx-64/libtool-2.4.7-hf0c8a7f_0.conda#1f87b8f56ae1210c77f6133705ef24af
https://conda.anaconda.org/conda-forge/osx-64/libwebp-base-1.2.2-h0d85af4_1.tar.bz2#052369eda6e13f44b308407c99857f84
https://conda.anaconda.org/conda-forge/osx-64/libzlib-1.2.13-hfd90126_4.tar.bz2#35eb3fce8d51ed3c1fd4122bad48250b
https://conda.anaconda.org/conda-forge/osx-64/llvm-openmp-16.0.0-h61d9ccf_0.conda#00d0daa29e5a4ce56ef9b351148a1e88
https://conda.anaconda.org/conda-forge/osx-64/lzo-2.10-haf1e3a3_1000.tar.bz2#0b6bca372a95d6c602c7a922e928ce79
https://conda.anaconda.org/conda-forge/osx-64/ncurses-6.3-h96cf925_1.tar.bz2#76217ebfbb163ff2770a261f955a5861
https://conda.anaconda.org/conda-forge/osx-64/nettle-3.6-hedd7734_0.tar.bz2#9c9d5d69c39596b22a7495aef3310a3d
https://conda.anaconda.org/conda-forge/osx-64/perl-5.32.1-2_h0d85af4_perl5.tar.bz2#dd13a8c2fac0cd8e102fcdc7bca1f077
https://conda.anaconda.org/conda-forge/osx-64/pixman-0.40.0-hbcb3906_0.tar.bz2#09a583a6f172715be21d93aaa1b42d71
https://conda.anaconda.org/conda-forge/noarch/poppler-data-0.4.12-hd8ed1ab_0.conda#d8d7293c5b37f39b2ac32940621c6592
https://conda.anaconda.org/conda-forge/osx-64/pthread-stubs-0.4-hc929b4f_1001.tar.bz2#addd19059de62181cd11ae8f4ef26084
https://conda.anaconda.org/conda-forge/osx-64/python_abi-3.8-3_cp38.conda#ff192f59f7fe23555612030493a079f8
https://conda.anaconda.org/conda-forge/osx-64/x264-1!161.3030-h0d85af4_1.tar.bz2#3162269a4e63ed7dcf34ffef591aef94
https://conda.anaconda.org/conda-forge/osx-64/xorg-kbproto-1.0.7-h35c211d_1002.tar.bz2#41302c2bc60a15ca4a018775fd20b442
https://conda.anaconda.org/conda-forge/osx-64/xorg-libice-1.0.10-h0d85af4_0.tar.bz2#77e8f2ccf8b892f0c8a411265c5e4782
https://conda.anaconda.org/conda-forge/osx-64/xorg-libxau-1.0.9-h35c211d_0.tar.bz2#c5049997b2e98edfbcdd294582f66281
https://conda.anaconda.org/conda-forge/osx-64/xorg-libxdmcp-1.1.3-h35c211d_0.tar.bz2#86ac76d6bf1cbb9621943eb3bd9ae36e
https://conda.anaconda.org/conda-forge/osx-64/xorg-renderproto-0.11.1-h0d85af4_1002.tar.bz2#e1cff95f235c6ad73199735685186693
https://conda.anaconda.org/conda-forge/osx-64/xorg-xextproto-7.3.0-hb7f2c08_1003.conda#e4db268e1dc61ab3dcbbb302f6519f66
https://conda.anaconda.org/conda-forge/osx-64/xorg-xproto-7.0.31-h35c211d_1007.tar.bz2#e1b279e3b8c03f88a90e81480a8f319a
https://conda.anaconda.org/conda-forge/osx-64/xz-5.2.6-h775f41a_0.tar.bz2#a72f9d4ea13d55d745ff1ed594747f10
https://conda.anaconda.org/conda-forge/osx-64/yaml-0.2.5-h0d85af4_2.tar.bz2#d7e08fcf8259d742156188e8762b4d20
https://conda.anaconda.org/conda-forge/osx-64/expat-2.5.0-hf0c8a7f_0.tar.bz2#7648a729fc8b7272596e90b0ab0a3e98
https://conda.anaconda.org/conda-forge/noarch/fonts-conda-forge-1-0.tar.bz2#f766549260d6815b0c52253f1fb1bb29
https://conda.anaconda.org/conda-forge/osx-64/gettext-0.21.1-h8a4c099_0.tar.bz2#1e3aff29ce703d421c43f371ad676cc5
https://conda.anaconda.org/conda-forge/osx-64/ghostscript-9.54.0-h96cf925_2.tar.bz2#b8a96482abf320ac0e67394c85cee0cd
https://conda.anaconda.org/conda-forge/osx-64/gmp-6.2.1-h2e338ed_0.tar.bz2#dedc96914428dae572a39e69ee2a392f
https://conda.anaconda.org/conda-forge/osx-64/graphite2-1.3.13-h2e338ed_1001.tar.bz2#5f6e7f98caddd0fc2d345b207531814c
https://conda.anaconda.org/conda-forge/osx-64/icu-69.1-he49afe7_0.tar.bz2#ee3bde95f8c74ebd296543525775ada5
https://conda.anaconda.org/conda-forge/osx-64/jasper-2.0.33-h7c6fec8_1.conda#6a9f90232c6b3b37b28e816899cdacbe
https://conda.anaconda.org/conda-forge/osx-64/lerc-3.0-he49afe7_0.tar.bz2#a1d21f85e4b0d5e27a88ecab5e3961da
https://conda.anaconda.org/conda-forge/osx-64/libedit-3.1.20191231-h0678c8f_2.tar.bz2#6016a8a1d0e63cac3de2c352cd40208b
https://conda.anaconda.org/conda-forge/osx-64/libgfortran5-12.2.0-he409387_31.conda#5a544130e584b1f204ac896ff071d5b3
https://conda.anaconda.org/conda-forge/osx-64/libimagequant-2.17.0-h9bde063_1.tar.bz2#1b0c9788d0b67d74ff3b84c0705ca18d
https://conda.anaconda.org/conda-forge/osx-64/libpng-1.6.39-ha978bb4_0.conda#35e4928794c5391aec14ffdf1deaaee5
https://conda.anaconda.org/conda-forge/osx-64/libsqlite-3.40.0-ha978bb4_0.tar.bz2#ceb13b6726534b96e3b4e3dda91e9050
https://conda.anaconda.org/conda-forge/osx-64/libxcb-1.13-h0d85af4_1004.tar.bz2#eb7860935e14aec936065cbc21a1a962
https://conda.anaconda.org/conda-forge/osx-64/lz4-c-1.9.4-hf0c8a7f_0.conda#aa04f7143228308662696ac24023f991
https://conda.anaconda.org/conda-forge/osx-64/nspr-4.35-hea0b92c_0.conda#a9e56c98d13d8b7ce72bf4357317c29b
https://conda.anaconda.org/conda-forge/osx-64/openssl-3.1.0-hfd90126_0.conda#a7df3470c748a517663bf095c2ac0235
https://conda.anaconda.org/conda-forge/osx-64/pandoc-3.1.1-h9d075a6_0.conda#5d082d93256a60f6311068849f7fca10
https://conda.anaconda.org/conda-forge/osx-64/pcre2-10.40-h1c4e4bc_0.tar.bz2#e0f80c8f3a0352a54eddfe59cd2b25b1
https://conda.anaconda.org/conda-forge/osx-64/pkg-config-0.29.2-ha3d46e9_1008.tar.bz2#352bc6fb446a7ca608c61b33c1d5eb98
https://conda.anaconda.org/conda-forge/osx-64/readline-8.1.2-h3899abd_0.tar.bz2#89fa404901fa8fb7d4f4e07083b8d635
https://conda.anaconda.org/conda-forge/osx-64/tk-8.6.12-h5dbffcc_0.tar.bz2#8e9480d9c47061db2ed1b4ecce519a7f
https://conda.anaconda.org/conda-forge/osx-64/xorg-libsm-1.2.3-h0d85af4_1000.tar.bz2#309cde52baa36ad32a0ed423718bbcfb
https://conda.anaconda.org/conda-forge/osx-64/zeromq-4.3.4-he49afe7_1.tar.bz2#1972d732b123ed04b60fd21e94f0b178
https://conda.anaconda.org/conda-forge/osx-64/zlib-1.2.13-hfd90126_4.tar.bz2#be90e6223c74ea253080abae19b3bdb1
https://conda.anaconda.org/conda-forge/osx-64/zstd-1.5.2-hbc0c0cd_6.conda#40a188783d3c425bdccc9ae9104acbb8
https://conda.anaconda.org/conda-forge/osx-64/boost-cpp-1.74.0-hdbf7018_7.tar.bz2#5d29a260489cdad68bee48121b24f9bc
https://conda.anaconda.org/conda-forge/noarch/fonts-conda-ecosystem-1-0.tar.bz2#fee5683a3f04bd15cbd8318b096a27ab
https://conda.anaconda.org/conda-forge/osx-64/freetype-2.12.1-h3f81eb7_1.conda#852224ea3e8991a8342228eab274840e
https://conda.anaconda.org/conda-forge/osx-64/gnutls-3.6.13-h756fd2b_1.tar.bz2#cf812214a917b4d48ce536d427770ec9
https://conda.anaconda.org/conda-forge/osx-64/krb5-1.20.1-h049b76e_0.conda#db11fa2968ef0837288fe2d7f5b77a50
https://conda.anaconda.org/conda-forge/osx-64/libgfortran-5.0.0-11_3_0_h97931a8_31.conda#97451338600bd9c5b535eb224ef6c471
https://conda.anaconda.org/conda-forge/osx-64/libglib-2.74.1-h4c723e1_1.tar.bz2#68a698fe240032c2ff587028ed51b155
https://conda.anaconda.org/conda-forge/osx-64/libnghttp2-1.52.0-he2ab024_0.conda#12ac7d100bf260263e30a019517f42a2
https://conda.anaconda.org/conda-forge/osx-64/libprotobuf-3.19.4-hcf210ce_0.tar.bz2#00feb1836b9b452beb42a9cc4e6c45f4
https://conda.anaconda.org/conda-forge/osx-64/libssh2-1.10.0-h47af595_3.tar.bz2#5a28624eeb7812b585b9e2d75f846ba2
https://conda.anaconda.org/conda-forge/osx-64/libtiff-4.3.0-hfca7e8f_4.tar.bz2#68a3b39d4dda075c47ebebe0290347b5
https://conda.anaconda.org/conda-forge/osx-64/libxml2-2.9.14-h1faee8b_4.conda#e881e89ca1e2ba6c663329ce464e277b
https://conda.anaconda.org/conda-forge/osx-64/nss-3.89-h78b00b3_0.conda#1eb1408ecae62d98a902636d46f5595c
https://conda.anaconda.org/conda-forge/osx-64/openh264-2.1.1-hfd3ada9_0.tar.bz2#468e32402dae56c73b29fb74160a9b2a
https://conda.anaconda.org/conda-forge/osx-64/python-3.8.16-hf9b03c3_1_cpython.conda#96d23d997c18a90efde924d9ca6dd5b3
https://conda.anaconda.org/conda-forge/osx-64/xorg-libx11-1.8.4-hb7f2c08_0.conda#c5074f389aeca9718911a2fc64ebdaf5
https://conda.anaconda.org/conda-forge/noarch/aiofiles-22.1.0-pyhd8ed1ab_0.tar.bz2#a88c206fdb78e34adb1c4081f5f838dd
https://conda.anaconda.org/conda-forge/noarch/appnope-0.1.3-pyhd8ed1ab_0.tar.bz2#54ac328d703bff191256ffa1183126d1
https://conda.anaconda.org/conda-forge/noarch/astor-0.8.1-pyh9f0ad1d_0.tar.bz2#6ae770689be59dc391ef974d2e849b56
https://conda.anaconda.org/conda-forge/osx-64/atk-1.0-2.38.0-h1d18e73_1.tar.bz2#5a538295f97a484ee332aacc131718b5
https://conda.anaconda.org/conda-forge/noarch/attrs-22.2.0-pyh71513ae_0.conda#8b76db7818a4e401ed4486c4c1635cd9
https://conda.anaconda.org/conda-forge/noarch/backcall-0.2.0-pyh9f0ad1d_0.tar.bz2#6006a6d08a3fa99268a2681c7fb55213
https://conda.anaconda.org/conda-forge/noarch/backports-1.0-pyhd8ed1ab_3.conda#54ca2e08b3220c148a1d8329c2678e02
https://conda.anaconda.org/conda-forge/osx-64/catalogue-2.0.8-py38h50d1736_1.tar.bz2#ecbf8a5edacd4843a5249bb9025b193e
https://conda.anaconda.org/conda-forge/noarch/certifi-2022.12.7-pyhd8ed1ab_0.conda#fb9addc3db06e56abe03e0e9f21a63e6
https://conda.anaconda.org/conda-forge/osx-64/chardet-5.1.0-py38h50d1736_0.conda#cef279061767d61e37eb267fedc4efaa
https://conda.anaconda.org/conda-forge/noarch/charset-normalizer-2.1.1-pyhd8ed1ab_0.tar.bz2#c1d5b294fbf9a795dec349a6f4d8be8e
https://conda.anaconda.org/conda-forge/noarch/colorama-0.4.6-pyhd8ed1ab_0.tar.bz2#3faab06a954c2a04039983f2c4a50d99
https://conda.anaconda.org/conda-forge/osx-64/cymem-2.0.7-py38h4cd09af_1.tar.bz2#cdb5e75c466c343848e4ab5b171bad47
https://conda.anaconda.org/conda-forge/noarch/dataclasses-0.8-pyhc8e2a94_3.tar.bz2#a362b2124b06aad102e2ee4581acee7d
https://conda.anaconda.org/conda-forge/osx-64/debugpy-1.6.6-py38h4cd09af_0.conda#f0f480030a08edbb74962f69177d6a87
https://conda.anaconda.org/conda-forge/noarch/decorator-4.4.2-py_0.tar.bz2#d2eabb9cabd212e1ec6a9463bd846243
https://conda.anaconda.org/conda-forge/noarch/defusedxml-0.7.1-pyhd8ed1ab_0.tar.bz2#961b3a227b437d82ad7054484cfa71b2
https://conda.anaconda.org/conda-forge/noarch/entrypoints-0.4-pyhd8ed1ab_0.tar.bz2#3cf04868fee0a029769bd41f4b2fbf2d
https://conda.anaconda.org/conda-forge/noarch/executing-1.2.0-pyhd8ed1ab_0.tar.bz2#4c1bc140e2be5c8ba6e3acab99e25c50
https://conda.anaconda.org/conda-forge/osx-64/ffmpeg-4.3.2-hbf27d7b_3.tar.bz2#cd520617ca70b89364be45571c679195
https://conda.anaconda.org/conda-forge/osx-64/fftw-3.3.10-nompi_h4fa670e_106.conda#d06e3fb726f90cd00a9a8aba452e2d37
https://conda.anaconda.org/conda-forge/noarch/flit-core-3.8.0-pyhd8ed1ab_0.tar.bz2#6d5e56de2e65da7aa35fd10131226efa
https://conda.anaconda.org/conda-forge/osx-64/fontconfig-2.14.2-h5bb23bf_0.conda#86cc5867dfbee4178118392bae4a3c89
https://conda.anaconda.org/conda-forge/noarch/gast-0.3.3-py_0.tar.bz2#05b99f1fd72a1f468b431b5d44b027b4
https://conda.anaconda.org/conda-forge/osx-64/gdk-pixbuf-2.42.8-hb161b9c_0.tar.bz2#38a781edd08bfd7c7ef545df6603b058
https://conda.anaconda.org/conda-forge/osx-64/gts-0.7.6-hccb3bdf_2.tar.bz2#ad799f4bcdacc510347c2d9d19b40bc3
https://conda.anaconda.org/conda-forge/noarch/idna-3.4-pyhd8ed1ab_0.tar.bz2#34272b248891bddccc64479f9a7fffed
https://conda.anaconda.org/conda-forge/noarch/ipython_genutils-0.2.0-py_1.tar.bz2#5071c982548b3a20caf70462f04f5287
https://conda.anaconda.org/conda-forge/noarch/jp-noui-0.3.7-pyhd8ed1ab_0.conda#177eed93a19515e7bde08afef766d3c8
https://conda.anaconda.org/conda-forge/noarch/json5-0.9.5-pyh9f0ad1d_0.tar.bz2#10759827a94e6b14996e81fb002c0bda
https://conda.anaconda.org/conda-forge/noarch/jupyterlab_widgets-3.0.5-pyhd8ed1ab_0.conda#953a312b272f37d39fe9d09f46734622
https://conda.anaconda.org/conda-forge/noarch/langcodes-3.3.0-pyhd8ed1ab_0.tar.bz2#aacac9c3804912c38087d1c295708493
https://conda.anaconda.org/conda-forge/osx-64/lcms2-2.12-h577c468_0.tar.bz2#abce77b852b73670e85e104746b0ea1b
https://conda.anaconda.org/conda-forge/osx-64/libarchive-3.5.2-hbf7dfe4_3.tar.bz2#57f1c0e98ad3d4836d66d457f3690dc9
https://conda.anaconda.org/conda-forge/osx-64/libcurl-7.88.1-h6df9250_1.conda#1973ff6a22194ece3cb15caddf26db7c
https://conda.anaconda.org/conda-forge/osx-64/libopenblas-0.3.21-openmp_h429af6e_3.tar.bz2#968c46aa7f4032c3f3873f3452ed4c34
https://conda.anaconda.org/conda-forge/osx-64/libwebp-1.2.2-h28dabe5_0.tar.bz2#6aa31e81854e3172dae89300ae9a5444
https://conda.anaconda.org/conda-forge/osx-64/markupsafe-2.1.2-py38hef030d1_0.conda#011ae40b08362bc2b0b549f4fc0bd79f
https://conda.anaconda.org/conda-forge/noarch/mistune-2.0.5-pyhd8ed1ab_0.conda#61a07195cfc935f1c1901d8ecf4af441
https://conda.anaconda.org/conda-forge/osx-64/murmurhash-1.0.9-py38h4cd09af_1.tar.bz2#0f848de1b850839d38239e54c64033c7
https://conda.anaconda.org/conda-forge/noarch/nest-asyncio-1.5.6-pyhd8ed1ab_0.tar.bz2#7b868f21adde0d9b8b38f9c16836589b
https://conda.anaconda.org/conda-forge/osx-64/openjpeg-2.5.0-h69f46e4_0.tar.bz2#3233c321f9c34e82779d382255ea782e
https://conda.anaconda.org/conda-forge/noarch/packaging-23.0-pyhd8ed1ab_0.conda#1ff2e3ca41f0ce16afec7190db28288b
https://conda.anaconda.org/conda-forge/noarch/pandocfilters-1.5.0-pyhd8ed1ab_0.tar.bz2#457c2c8c08e54905d6954e79cb5b5db9
https://conda.anaconda.org/conda-forge/noarch/parso-0.8.3-pyhd8ed1ab_0.tar.bz2#17a565a0c3899244e938cdf417e7b094
https://conda.anaconda.org/conda-forge/noarch/pickleshare-0.7.5-py_1003.tar.bz2#415f0ebb6198cc2801c73438a9fb5761
https://conda.anaconda.org/conda-forge/noarch/pkgutil-resolve-name-1.3.10-pyhd8ed1ab_0.tar.bz2#89e3c7cdde7d3aaa2aee933b604dd07f
https://conda.anaconda.org/conda-forge/osx-64/portalocker-2.7.0-py38h50d1736_0.conda#1afc7a6b5771badc590ccc9bee8f3559
https://conda.anaconda.org/conda-forge/noarch/prometheus_client-0.16.0-pyhd8ed1ab_0.conda#8efaddc1c8b8ce262c4d1a7c6571c799
https://conda.anaconda.org/conda-forge/osx-64/psutil-5.9.4-py38hef030d1_0.tar.bz2#bb5ed5c32371ef153177237099353ce3
https://conda.anaconda.org/conda-forge/noarch/ptyprocess-0.7.0-pyhd3deb0d_0.tar.bz2#359eeb6536da0e687af562ed265ec263
https://conda.anaconda.org/conda-forge/noarch/pure_eval-0.2.2-pyhd8ed1ab_0.tar.bz2#6784285c7e55cb7212efabc79e4c2883
https://conda.anaconda.org/conda-forge/noarch/pycparser-2.21-pyhd8ed1ab_0.tar.bz2#076becd9e05608f8dc72757d5f3a91ff
https://conda.anaconda.org/conda-forge/osx-64/pycryptodome-3.16.0-py38hde038e5_0.conda#e419626795d2a0fcbe98b37a5e090366
https://conda.anaconda.org/conda-forge/osx-64/pyrsistent-0.19.3-py38hef030d1_0.conda#01ca11f08679d88fc881a19902a0a008
https://conda.anaconda.org/conda-forge/noarch/python-fastjsonschema-2.16.3-pyhd8ed1ab_0.conda#7aa330a4d88b7ab891a42c39d5d2e742
https://conda.anaconda.org/conda-forge/noarch/python-json-logger-2.0.7-pyhd8ed1ab_0.conda#a61bf9ec79426938ff785eb69dbb1960
https://conda.anaconda.org/conda-forge/noarch/pytz-2022.7.1-pyhd8ed1ab_0.conda#f59d49a7b464901cf714b9e7984d01a2
https://conda.anaconda.org/conda-forge/osx-64/pyyaml-6.0-py38hef030d1_5.tar.bz2#e27d698dc29c6d5b49f1385bcd1d50f9
https://conda.anaconda.org/conda-forge/osx-64/pyzmq-25.0.2-py38h0b711fd_0.conda#6aafe8de24c304eabdacbabfe290d9c7
https://conda.anaconda.org/conda-forge/noarch/rfc3986-validator-0.1.1-pyh9f0ad1d_0.tar.bz2#912a71cc01012ee38e6b90ddd561e36f
https://conda.anaconda.org/conda-forge/noarch/send2trash-1.8.0-pyhd8ed1ab_0.tar.bz2#edab14119efe85c3bf131ad747e9005c
https://conda.anaconda.org/conda-forge/noarch/setuptools-67.6.0-pyhd8ed1ab_0.conda#e18ed61c37145bb9b48d1d98801960f7
https://conda.anaconda.org/conda-forge/noarch/shellingham-1.5.1-pyhd8ed1ab_0.conda#1de44299f48f522caa2e0074231614e1
https://conda.anaconda.org/conda-forge/noarch/six-1.16.0-pyh6c4a22f_0.tar.bz2#e5f25f8dbc060e9a8d912e432202afc2
https://conda.anaconda.org/conda-forge/noarch/smart_open-5.2.1-pyhd8ed1ab_0.tar.bz2#c7a838c38e38c82edde371a9054e6c92
https://conda.anaconda.org/conda-forge/noarch/sniffio-1.3.0-pyhd8ed1ab_0.tar.bz2#dd6cbc539e74cb1f430efbd4575b9303
https://conda.anaconda.org/conda-forge/noarch/sortedcontainers-2.4.0-pyhd8ed1ab_0.tar.bz2#6d6552722448103793743dabfbda532d
https://conda.anaconda.org/conda-forge/noarch/soupsieve-2.3.2.post1-pyhd8ed1ab_0.tar.bz2#146f4541d643d48fc8a75cacf69f03ae
https://conda.anaconda.org/conda-forge/noarch/spacy-legacy-3.0.12-pyhd8ed1ab_0.conda#bbe68ced56ea855f0223c329f1fd2fc0
https://conda.anaconda.org/conda-forge/noarch/spacy-loggers-1.0.4-pyhd8ed1ab_0.conda#738ad4e9c9faca9e6d200f3dc03b5873
https://conda.anaconda.org/conda-forge/noarch/spectate-1.0.1-pyhd8ed1ab_0.tar.bz2#33e8cb574899a6790ace9692e9de22d6
https://conda.anaconda.org/conda-forge/noarch/tomli-2.0.1-pyhd8ed1ab_0.tar.bz2#5844808ffab9ebdb694585b50ba02a96
https://conda.anaconda.org/conda-forge/osx-64/tornado-6.2-py38hef030d1_1.tar.bz2#e0019ca44cd5e33c94ab2f1d77325739
https://conda.anaconda.org/conda-forge/noarch/traitlets-5.9.0-pyhd8ed1ab_0.conda#d0b4f5c87cd35ac3fb3d47b223263a64
https://conda.anaconda.org/conda-forge/noarch/typing_extensions-4.5.0-pyha770c72_0.conda#43e7d9e50261fb11deb76e17d8431aac
https://conda.anaconda.org/conda-forge/noarch/wasabi-0.10.1-pyhd8ed1ab_1.tar.bz2#7adf079fb5a6ec760246163e5ac9ea5b
https://conda.anaconda.org/conda-forge/noarch/webencodings-0.5.1-py_1.tar.bz2#3563be4c5611a44210d9ba0c16113136
https://conda.anaconda.org/conda-forge/noarch/websocket-client-1.5.1-pyhd8ed1ab_0.conda#2a914654b9ade742049dab13e29571c6
https://conda.anaconda.org/conda-forge/noarch/wheel-0.40.0-pyhd8ed1ab_0.conda#49bb0d9e60ce1db25e151780331bb5f3
https://conda.anaconda.org/conda-forge/noarch/widgetsnbextension-4.0.5-pyhd8ed1ab_0.conda#2af53b3894fb9bdbb3679c0d31028b1b
https://conda.anaconda.org/conda-forge/noarch/win_inet_pton-1.1.0-pyhd8ed1ab_6.tar.bz2#30878ecc4bd36e8deeea1e3c151b2e0b
https://conda.anaconda.org/conda-forge/osx-64/xorg-libxext-1.3.4-hb7f2c08_2.conda#0f98aff18e0455f0bdc4326c04f98883
https://conda.anaconda.org/conda-forge/osx-64/xorg-libxrender-0.9.10-h0d85af4_1003.tar.bz2#b455388502383b388c5ee5b6f5ee4509
https://conda.anaconda.org/conda-forge/osx-64/xorg-libxt-1.2.1-h0d85af4_2.tar.bz2#5e0acf9a4246195d33c98960be855c17
https://conda.anaconda.org/conda-forge/osx-64/y-py-0.5.9-py38he94b92c_0.conda#433e9f376d8b2295c16dcc9e97e0fea3
https://conda.anaconda.org/conda-forge/noarch/zipp-3.15.0-pyhd8ed1ab_0.conda#13018819ca8f5b7cc675a8faf1f5fedf
https://conda.anaconda.org/conda-forge/noarch/anyio-3.6.2-pyhd8ed1ab_0.tar.bz2#8ada050fa88f26916fc1e76e368a49fd
https://conda.anaconda.org/conda-forge/noarch/asttokens-2.2.1-pyhd8ed1ab_0.conda#bf7f54dd0f25c3f06ecb82a07341841a
https://conda.anaconda.org/conda-forge/noarch/babel-2.12.1-pyhd8ed1ab_1.conda#ac432e732804a81ddcf29c92ead57cde
https://conda.anaconda.org/conda-forge/noarch/backports.functools_lru_cache-1.6.4-pyhd8ed1ab_0.tar.bz2#c5b3edc62d6309088f4970b3eaaa65a6
https://conda.anaconda.org/conda-forge/noarch/beautifulsoup4-4.12.0-pyha770c72_0.conda#84f54c3bd1a542c8fe696bc8947b040b
https://conda.anaconda.org/conda-forge/noarch/bleach-6.0.0-pyhd8ed1ab_0.conda#d48b143d01385872a88ef8417e96c30e
https://conda.anaconda.org/conda-forge/osx-64/cairo-1.16.0-h9e0e54b_1010.tar.bz2#54bfd20fe0f9151163f8e3f8169564a9
https://conda.anaconda.org/conda-forge/osx-64/cffi-1.15.1-py38hb368cf1_3.conda#a2b3ae2a1fd2aea0b4433d9e7fff8cf3
https://conda.anaconda.org/conda-forge/noarch/click-8.1.3-win_pyhd8ed1ab_2.tar.bz2#6b58680207b526c42dcff68b543803dd
https://conda.anaconda.org/conda-forge/noarch/comm-0.1.2-pyhd8ed1ab_0.conda#3c78af4752bb1600ebe5e83ef4588eaa
https://conda.anaconda.org/conda-forge/osx-64/hdf5-1.12.1-nompi_h0aa1fa2_104.tar.bz2#a1cd505914ecbc2ed0e3c478df9931e3
https://conda.anaconda.org/conda-forge/noarch/importlib-metadata-6.1.0-pyha770c72_0.conda#30b3127c385ca2ed5ef87f3d53d466bc
https://conda.anaconda.org/conda-forge/noarch/importlib_resources-5.12.0-pyhd8ed1ab_0.conda#e5fd2260a231ee63b6969f4801082f2b
https://conda.anaconda.org/conda-forge/noarch/jedi-0.18.2-pyhd8ed1ab_0.conda#b5e695ef9c3f0d27d6cd96bf5adc9e07
https://conda.anaconda.org/conda-forge/noarch/jinja2-3.1.2-pyhd8ed1ab_1.tar.bz2#c8490ed5c70966d232fdd389d0dbed37
https://conda.anaconda.org/conda-forge/osx-64/leptonica-1.82.0-h931e0a4_0.tar.bz2#b5b14a9aca28ec2291ee575937eea063
https://conda.anaconda.org/conda-forge/osx-64/libblas-3.9.0-16_osx64_openblas.tar.bz2#644d63e9379867490b67bace400b2a0f
https://conda.anaconda.org/conda-forge/osx-64/libgd-2.3.3-h02d8a21_2.tar.bz2#56186c24285e72034f450edd736953d4
https://conda.anaconda.org/conda-forge/noarch/matplotlib-inline-0.1.6-pyhd8ed1ab_0.tar.bz2#b21613793fcc81d944c76c9f2864a7de
https://conda.anaconda.org/conda-forge/noarch/pdfminer.six-20200517-py_1.tar.bz2#c4e086b9a9c6b7d5cb984b8aa4939057
https://conda.anaconda.org/conda-forge/osx-64/pillow-9.0.0-py38h47ebe08_0.tar.bz2#69f1f1afbeebe20d8703353c862abfe0
https://conda.anaconda.org/conda-forge/noarch/pip-23.0.1-pyhd8ed1ab_0.conda#8025ca83b8ba5430b640b83917c2a6f7
https://conda.anaconda.org/conda-forge/osx-64/preshed-3.0.8-py38h4cd09af_1.tar.bz2#d4e5e3100eb41b44966c0f273dee96fa
https://conda.anaconda.org/conda-forge/osx-64/protobuf-3.19.4-py38ha048514_0.tar.bz2#2598f6ec7857383be09dd5dcd063c59c
https://conda.anaconda.org/conda-forge/noarch/pygments-2.14.0-pyhd8ed1ab_0.conda#c78cd16b11cd6a295484bd6c8f24bea1
https://conda.anaconda.org/conda-forge/noarch/pysocks-1.7.1-pyh0701188_6.tar.bz2#56cd9fe388baac0e90c7149cfac95b60
https://conda.anaconda.org/conda-forge/noarch/python-dateutil-2.8.2-pyhd8ed1ab_0.tar.bz2#dd999d1cc9f79e67dbb855c8924c7984
https://conda.anaconda.org/conda-forge/noarch/rfc3339-validator-0.1.4-pyhd8ed1ab_0.tar.bz2#fed45fc5ea0813240707998abe49f520
https://conda.anaconda.org/conda-forge/osx-64/srsly-2.4.6-py38h4cd09af_0.conda#9c00ad195554e057482567dc14744c26
https://conda.anaconda.org/conda-forge/noarch/terminado-0.17.1-pyhd1c38e8_0.conda#046120b71d8896cb7faef78bfdbfee1e
https://conda.anaconda.org/conda-forge/noarch/tinycss2-1.2.1-pyhd8ed1ab_0.tar.bz2#7234c9eefff659501cd2fe0d2ede4d48
https://conda.anaconda.org/conda-forge/noarch/tqdm-4.65.0-pyhd8ed1ab_1.conda#ed792aff3acb977d09c7013358097f83
https://conda.anaconda.org/conda-forge/noarch/typing-extensions-4.5.0-hd8ed1ab_0.conda#b3c594fde1a80a1fc3eb9cc4a5dfe392
https://conda.anaconda.org/conda-forge/noarch/aiosqlite-0.18.0-pyhd8ed1ab_0.conda#79465625fc906e2e24d37f31c2637754
https://conda.anaconda.org/conda-forge/osx-64/argon2-cffi-bindings-21.2.0-py38hef030d1_3.tar.bz2#fc1bc20add8eff07c367973bba25e8eb
https://conda.anaconda.org/conda-forge/osx-64/brotlipy-0.7.0-py38hef030d1_1005.tar.bz2#2fa6826f6f94c847bf26709f2162a09c
https://conda.anaconda.org/conda-forge/osx-64/cryptography-39.0.2-py38h4257468_0.conda#457d47ab95967960149ce3db71635331
https://conda.anaconda.org/conda-forge/osx-64/harfbuzz-3.4.0-h447b35c_0.tar.bz2#fab36e4278c9bc2a9f3e5f72304be910
https://conda.anaconda.org/conda-forge/noarch/importlib_metadata-6.1.0-hd8ed1ab_0.conda#90bab1d97fdb6bb40c8e00207bf222dc
https://conda.anaconda.org/conda-forge/noarch/iopath-0.1.9-pyhd8ed1ab_0.tar.bz2#b92c35bf896fbdc192cf12905e1ba356
https://conda.anaconda.org/conda-forge/noarch/jsonschema-4.17.3-pyhd8ed1ab_0.conda#723268a468177cd44568eb8f794e0d80
https://conda.anaconda.org/conda-forge/noarch/jupyter_server_terminals-0.4.4-pyhd8ed1ab_1.conda#7c0965e1d4a0ee1529e8eaa03a78a5b3
https://conda.anaconda.org/conda-forge/noarch/jupyterlab_pygments-0.2.2-pyhd8ed1ab_0.tar.bz2#243f63592c8e449f40cd42eb5cf32f40
https://conda.anaconda.org/conda-forge/osx-64/libcblas-3.9.0-16_osx64_openblas.tar.bz2#28592eab0f05bcf9969789e87f754e11
https://conda.anaconda.org/conda-forge/osx-64/liblapack-3.9.0-16_osx64_openblas.tar.bz2#406ad426aade5578b90544cc2ed4a79b
https://conda.anaconda.org/conda-forge/noarch/pdf2image-1.16.3-pyhd8ed1ab_0.conda#51fe9586e281408b5eb6f22f81e87ef1
https://conda.anaconda.org/conda-forge/noarch/platformdirs-3.1.1-pyhd8ed1ab_0.conda#1d1a27f637808c76dd83e3f469aa6f7e
https://conda.anaconda.org/conda-forge/osx-64/poppler-22.04.0-h39497b0_0.tar.bz2#2102213d5660beee390d98f9ff873d0c
https://conda.anaconda.org/conda-forge/osx-64/pydantic-1.8.2-py38h96a0964_2.tar.bz2#1430295de4d0ca36dc122e3082711ff7
https://conda.anaconda.org/conda-forge/noarch/pytesseract-0.3.10-pyhd8ed1ab_0.tar.bz2#04f4becceb0c032c5dbdae6ad18bd95e
https://conda.anaconda.org/conda-forge/noarch/stack_data-0.6.2-pyhd8ed1ab_0.conda#e7df0fdd404616638df5ece6e69ba7af
https://conda.anaconda.org/conda-forge/osx-64/tesseract-5.0.1-h6be3199_0.tar.bz2#1d5145a4d39cdda80bedc57d09a46dd4
https://conda.anaconda.org/conda-forge/noarch/typer-0.4.2-pyhd8ed1ab_0.tar.bz2#53790ab151e6deaed2c79bc9a641ae9c
https://conda.anaconda.org/conda-forge/noarch/wcwidth-0.2.6-pyhd8ed1ab_0.conda#078979d33523cb477bd1916ce41aacc9
https://conda.anaconda.org/conda-forge/noarch/argon2-cffi-21.3.0-pyhd8ed1ab_0.tar.bz2#a0b402db58f73aaab8ee0ca1025a362e
https://conda.anaconda.org/conda-forge/osx-64/jupyter_core-5.3.0-py38h50d1736_0.conda#c342b82641ef032fa8b256eb4f0a5649
https://conda.anaconda.org/conda-forge/noarch/jupyter_events-0.6.3-pyhd8ed1ab_0.conda#d98c5196ab6ffeb0c2feca2912801353
https://conda.anaconda.org/conda-forge/noarch/jupyter_ydoc-0.2.3-pyhd8ed1ab_0.conda#ad7409631cd81535b89b05e7c62e1e8f
https://conda.anaconda.org/conda-forge/osx-64/liblapacke-3.9.0-16_osx64_openblas.tar.bz2#fdde3ba87373e04a109c58b229676f8f
https://conda.anaconda.org/conda-forge/osx-64/numpy-1.19.2-py38ha98150c_1.tar.bz2#2344b3a1cc6a664218dd6202c38f4cc6
https://conda.anaconda.org/conda-forge/osx-64/pango-1.50.5-h0e59876_1.tar.bz2#42001f9ca6ca487b59235ca9f2038936
https://conda.anaconda.org/conda-forge/noarch/pathy-0.10.1-pyhd8ed1ab_0.conda#c5b90f0b00e253314aa31e1acfa59261
https://conda.anaconda.org/conda-forge/noarch/prompt-toolkit-3.0.38-pyha770c72_0.conda#59ba1bf8ea558751a0d391249a248765
https://conda.anaconda.org/conda-forge/noarch/pyopenssl-23.0.0-pyhd8ed1ab_0.conda#d41957700e83bbb925928764cb7f8878
https://conda.anaconda.org/conda-forge/noarch/ypy-websocket-0.8.2-pyhd8ed1ab_0.conda#5ee5ad3af20138020065985de57f0711
https://conda.anaconda.org/conda-forge/osx-64/cython-blis-0.7.6-py38hbe852b5_0.tar.bz2#fb053d2a079810c443ab3f9fc39af711
https://conda.anaconda.org/conda-forge/osx-64/gtk2-2.24.33-h7c1209e_2.tar.bz2#307614630946527e302b7dd042a5cfa2
https://conda.anaconda.org/conda-forge/noarch/jupyter_client-8.1.0-pyhd8ed1ab_0.conda#ad497b55d36d20d4bbc6f95d8fb6eb6d
https://conda.anaconda.org/conda-forge/osx-64/libopencv-4.5.5-py38h0f039c0_3.tar.bz2#0eb67ec81c7a1f23ef915e3a8e1a2dfe
https://conda.anaconda.org/conda-forge/osx-64/librsvg-2.52.5-h5e5d7d9_2.tar.bz2#1d316450e14ceca28d7a57d0d2b5a9e5
https://conda.anaconda.org/conda-forge/noarch/nbformat-5.8.0-pyhd8ed1ab_0.conda#1ca43103a08456b19222d93fd9d119ac
https://conda.anaconda.org/conda-forge/osx-64/pandas-1.4.1-py38ha53d530_0.tar.bz2#5c91900789a4b8189cae46142ce855ff
https://conda.anaconda.org/conda-forge/noarch/prompt_toolkit-3.0.38-hd8ed1ab_0.conda#45b74f64d8808eda7e6f6e6b1d641fd2
https://conda.anaconda.org/conda-forge/osx-64/scipy-1.8.0-py38hd329d04_1.tar.bz2#995c63aa4995113a64459539cf74b53a
https://conda.anaconda.org/conda-forge/noarch/urllib3-1.26.15-pyhd8ed1ab_0.conda#27db656619a55d727eaf5a6ece3d2fd6
https://conda.anaconda.org/conda-forge/osx-64/graphviz-3.0.0-h6f567cf_1.tar.bz2#00a33818fc3b296b030dd63b8fc1d416
https://conda.anaconda.org/conda-forge/noarch/ipython-8.11.0-pyh08f2357_0.conda#260ed8a8cbb42c30f8b17a9daeb78353
https://conda.anaconda.org/conda-forge/noarch/nbclient-0.7.2-pyhd8ed1ab_0.conda#6c7b0d75b66a220274bb5a28c23197f2
https://conda.anaconda.org/conda-forge/osx-64/py-opencv-4.5.5-py38h5fd9f69_3.tar.bz2#ec79a301b0d69fe7197b16bd3497dff0
https://conda.anaconda.org/conda-forge/noarch/requests-2.28.2-pyhd8ed1ab_0.conda#11d178fc55199482ee48d6812ea83983
https://conda.anaconda.org/conda-forge/osx-64/thinc-8.0.13-py38hb0f0857_0.tar.bz2#fc29b285f47145d4887dbf8e161dc45d
https://conda.anaconda.org/conda-forge/osx-64/imagemagick-7.1.0_27-pl5321h80d2495_1.tar.bz2#3b19931b0689fe48b31f5196a02aaf75
https://conda.anaconda.org/conda-forge/noarch/ipykernel-6.22.0-pyh736e0ef_0.conda#3bbe4a71a9d5d8e13c1504e3cd077b32
https://conda.anaconda.org/conda-forge/noarch/nbconvert-core-7.2.9-pyhd8ed1ab_0.conda#a9e1826152e79416db71c51b0d3af28c
https://conda.anaconda.org/conda-forge/osx-64/opencv-4.5.5-py38h50d1736_3.tar.bz2#982f27303c35e60d144ff5d3409998de
https://conda.anaconda.org/conda-forge/osx-64/spacy-3.2.2-py38hb0f0857_0.tar.bz2#c89ab5977fa37004b21add8291767a74
https://conda.anaconda.org/conda-forge/noarch/ipywidgets-8.0.4-pyhd8ed1ab_0.conda#9dea5ab3cc33084f7a3680a98859731e
https://conda.anaconda.org/conda-forge/noarch/jupyter_server-2.5.0-pyhd8ed1ab_0.conda#7fa3bd3d8dee42934f63711e9fbe959a
https://conda.anaconda.org/conda-forge/noarch/nbconvert-pandoc-7.2.9-pyhd8ed1ab_0.conda#4a8dc94c7c2f3736dc4b91ec345d5b4b
https://conda.anaconda.org/conda-forge/noarch/spacy-model-en_core_web_sm-3.2.0-pyhd8ed1ab_0.tar.bz2#eda8aa10ede8041d31eb089792fd6d2f
https://conda.anaconda.org/conda-forge/noarch/wand-0.6.10-pyhd8ed1ab_0.tar.bz2#b2dd46b74e85947726cca13a8c3a1e5c
https://conda.anaconda.org/conda-forge/noarch/ipycanvas-0.13.1-pyhd8ed1ab_0.tar.bz2#8f346048132758a3a75dffaf5af1efb7
https://conda.anaconda.org/conda-forge/noarch/ipycytoscape-1.3.3-pyhd8ed1ab_1.tar.bz2#e06e117809798ba07e052b84e1475e31
https://conda.anaconda.org/conda-forge/noarch/ipyevents-2.0.1-pyhd8ed1ab_0.tar.bz2#dbf0d139d191847dbf1e6aebec3d23f6
https://conda.anaconda.org/conda-forge/noarch/jupyter_server_fileid-0.8.0-pyhd8ed1ab_0.conda#15e37b2cedb857ecc14ba684bb08321d
https://conda.anaconda.org/conda-forge/noarch/jupyterlab_server-2.20.0-pyhd8ed1ab_0.conda#61df7d51e7f6eabba237740cc04f60a7
https://conda.anaconda.org/conda-forge/noarch/nbconvert-7.2.9-pyhd8ed1ab_0.conda#523aaa3affb003ab0e68dbc24c9027f4
https://conda.anaconda.org/conda-forge/noarch/notebook-shim-0.2.2-pyhd8ed1ab_0.tar.bz2#40be846cd4e78672a40e43db9dae753c
https://conda.anaconda.org/conda-forge/noarch/pdfplumber-0.5.28-pyhd8ed1ab_0.tar.bz2#c4d9f7b31bc76cfdd2bb09ee5c1ea5fd
https://conda.anaconda.org/conda-forge/noarch/jupyter_server_ydoc-0.8.0-pyhd8ed1ab_0.conda#780280d42fbcb2eaf654a6ba7a3e5bb5
https://conda.anaconda.org/conda-forge/noarch/nbclassic-0.5.3-pyhb4ecaf3_3.conda#aebeb9ed9306797e6c337361d198ea49
https://conda.anaconda.org/conda-forge/noarch/notebook-6.5.3-pyha770c72_0.conda#362b951bafa6bc028c6591a81d82bf45
https://conda.anaconda.org/conda-forge/noarch/jupyterlab-3.6.2-pyhd8ed1ab_0.conda#e5e06687a15cbe543a679a2e812601d7
